{
  "nodes": {
    "ani2xcursor": {
      "inputs": {
        "nixpkgs": [
          "nixpkgs"
        ]
      },
      "locked": {
        "lastModified": 1775296074,
        "narHash": "sha256-LAVZC8QWTnX0bHBxM5rLosM+F8OL3DP9k0UkCLRBqSk=",
        "owner": "yuzujr",
        "repo": "ani2xcursor",
        "rev": "5f0c474e7fe6b60cbe8479c2533fbdda8b8dc296",
        "type": "github"
      },
      "original": {
        "owner": "yuzujr",
        "repo": "ani2xcursor",
        "type": "github"
      }
    },
    "coomer": {
      "inputs": {
        "nixpkgs": [
          "nixpkgs"
        ]
      },
      "locked": {
        "lastModified": 1775296067,
        "narHash": "sha256-0aMmzhc/YhzHUX1r1eQXTqMx2x/vW7uy1xwAKEoxi9Y=",
        "owner": "yuzujr",
        "repo": "coomer",
        "rev": "5637285fded6ab45d5595580308837b331e90e15",
        "type": "github"
      },
      "original": {
        "owner": "yuzujr",
        "repo": "coomer",
        "type": "github"
      }
    },
    "darwin": {
      "inputs": {
        "nixpkgs": [
          "nixpkgs"
        ]
      },
      "locked": {
        "lastModified": 1781761792,
        "narHash": "sha256-rCPytmKNjctLloB6UgK5CRrHSwV4b0ygxtJLPPp8R14=",
        "owner": "LnL7",
        "repo": "nix-darwin",
        "rev": "a1fa429e945becaf60468600daf649be4ba0350c",
        "type": "github"
      },
      "original": {
        "owner": "LnL7",
        "repo": "nix-darwin",
        "type": "github"
      }
    },
    "drcom-client-cpp": {
      "inputs": {
        "nixpkgs": [
          "nixpkgs"
        ]
      },
      "locked": {
        "lastModified": 1776521033,
        "narHash": "sha256-Yh/y4phNKefFbegF5xIthRhqjWU+8pW6kZwp5EtfIk4=",
        "owner": "yuzujr",
        "repo": "drcom-client-cpp",
        "rev": "73d84179f516c3bf73692f0a1ecb01200aa035a8",
        "type": "github"
      },
      "original": {
        "owner": "yuzujr",
        "repo": "drcom-client-cpp",
        "type": "github"
      }
    },
    "home-manager": {
      "inputs": {
        "nixpkgs": [
          "nixpkgs"
        ]
      },
      "locked": {
        "lastModified": 1783222121,
        "narHash": "sha256-E/ElL373TO8lQ2aMvYyzN+k4xkVaUGoRqoa8AtM71tI=",
        "owner": "nix-community",
        "repo": "home-manager",
        "rev": "a1645f40777620c4bd2b6d854b290c2fc354a266",
        "type": "github"
      },
      "original": {
        "owner": "nix-community",
        "repo": "home-manager",
        "type": "github"
      }
    },
    "nixpkgs": {
      "locked": {
        "lastModified": 1783224372,
        "narHash": "sha256-8i/87eeoqiGE4yOTjwSA3Eh/ziJRQEmd/unYU+K27sk=",
        "owner": "nixos",
        "repo": "nixpkgs",
        "rev": "d407951447dcd00442e97087bf374aad70c04cea",
        "type": "github"
      },
      "original": {
        "owner": "nixos",
        "ref": "nixos-unstable",
        "repo": "nixpkgs",
        "type": "github"
      }
    },
    "nixpkgs_2": {
      "locked": {
        "lastModified": 1782959384,
        "narHash": "sha256-l57y2CK9dTSChgb6Edg7kkXu5DA4rucVbNFoQHUBjmw=",
        "rev": "65179426c83bb3f6bc14898b42ea1c6f01d374b0",
        "type": "tarball",
        "url": "https://releases.nixos.org/nixos/unstable/nixos-26.11pre1026231.65179426c83b/nixexprs.tar.xz"
      },
      "original": {
        "type": "tarball",
        "url": "https://channels.nixos.org/nixos-unstable/nixexprs.tar.xz"
      }
    },
    "noctalia": {
      "inputs": {
        "nixpkgs": "nixpkgs_2"
      },
      "locked": {
        "lastModified": 1783311000,
        "narHash": "sha256-LtX2Q7kV2JvOI1HyQ4hgNffnu6RPh0yAkGPOw6S0GgI=",
        "owner": "noctalia-dev",
        "repo": "noctalia",
        "rev": "b6fd0df7a4d992a19acb7261be8b5b260f03e5d4",
        "type": "github"
      },
      "original": {
        "owner": "noctalia-dev",
        "repo": "noctalia",
        "type": "github"
      }
    },
    "root": {
      "inputs": {
        "ani2xcursor": "ani2xcursor",
        "coomer": "coomer",
        "darwin": "darwin",
        "drcom-client-cpp": "drcom-client-cpp",
        "home-manager": "home-manager",
        "nixpkgs": "nixpkgs",
        "noctalia": "noctalia",
        "rose-pine-doom-emacs": "rose-pine-doom-emacs",
        "secrets": "secrets",
        "sops-nix": "sops-nix"
      }
    },
    "rose-pine-doom-emacs": {
      "flake": false,
      "locked": {
        "lastModified": 1760676260,
        "narHash": "sha256-QcV+f7qxWO5o9p9yusJHVRzxBTiSAhR85HDE4I4fuA4=",
        "owner": "donniebreve",
        "repo": "rose-pine-doom-emacs",
        "rev": "78100823087f2fa727cdd5c06f8deb17988520b6",
        "type": "github"
      },
      "original": {
        "owner": "donniebreve",
        "repo": "rose-pine-doom-emacs",
        "type": "github"
      }
    },
    "secrets": {
      "flake": false,
      "locked": {
        "path": "./secrets/placeholder",
        "type": "path"
      },
      "original": {
        "path": "./secrets/placeholder",
        "type": "path"
      },
      "parent": []
    },
    "sops-nix": {
      "inputs": {
        "nixpkgs": [
          "nixpkgs"
        ]
      },
      "locked": {
        "lastModified": 1783174389,
        "narHash": "sha256-aCWC8ngycU7OdJrU2+Je3qf+1a2ykuBvpPhZT/9tXMc=",
        "owner": "Mic92",
        "repo": "sops-nix",
        "rev": "f1406619a3884cd5c47992a70b8b35c9c0fcb4c9",
        "type": "github"
      },
      "original": {
        "owner": "Mic92",
        "repo": "sops-nix",
        "type": "github"
      }
    }
  },
  "root": "root",
  "version": 7
}
