{
  "nodes": {
    "ani2xcursor": {
      "inputs": {
        "nixpkgs": [
          "nixpkgs"
        ]
      },
      "locked": {
        "lastModified": 1775296074,
        "narHash": "sha256-LAVZC8QWTnX0bHBxM5rLosM+F8OL3DP9k0UkCLRBqSk=",
        "owner": "yuzujr",
        "repo": "ani2xcursor",
        "rev": "5f0c474e7fe6b60cbe8479c2533fbdda8b8dc296",
        "type": "github"
      },
      "original": {
        "owner": "yuzujr",
        "repo": "ani2xcursor",
        "type": "github"
      }
    },
    "coomer": {
      "inputs": {
        "nixpkgs": [
          "nixpkgs"
        ]
      },
      "locked": {
        "lastModified": 1775296067,
        "narHash": "sha256-0aMmzhc/YhzHUX1r1eQXTqMx2x/vW7uy1xwAKEoxi9Y=",
        "owner": "yuzujr",
        "repo": "coomer",
        "rev": "5637285fded6ab45d5595580308837b331e90e15",
        "type": "github"
      },
      "original": {
        "owner": "yuzujr",
        "repo": "coomer",
        "type": "github"
      }
    },
    "darwin": {
      "inputs": {
        "nixpkgs": [
          "nixpkgs"
        ]
      },
      "locked": {
        "lastModified": 1781761792,
        "narHash": "sha256-rCPytmKNjctLloB6UgK5CRrHSwV4b0ygxtJLPPp8R14=",
        "owner": "LnL7",
        "repo": "nix-darwin",
        "rev": "a1fa429e945becaf60468600daf649be4ba0350c",
        "type": "github"
      },
      "original": {
        "owner": "LnL7",
        "repo": "nix-darwin",
        "type": "github"
      }
    },
    "drcom-client-cpp": {
      "inputs": {
        "nixpkgs": [
          "nixpkgs"
        ]
      },
      "locked": {
        "lastModified": 1776521033,
        "narHash": "sha256-Yh/y4phNKefFbegF5xIthRhqjWU+8pW6kZwp5EtfIk4=",
        "owner": "yuzujr",
        "repo": "drcom-client-cpp",
        "rev": "73d84179f516c3bf73692f0a1ecb01200aa035a8",
        "type": "github"
      },
      "original": {
        "owner": "yuzujr",
        "repo": "drcom-client-cpp",
        "type": "github"
      }
    },
    "home-manager": {
      "inputs": {
        "nixpkgs": [
          "nixpkgs"
        ]
      },
      "locked": {
        "lastModified": 1782881387,
        "narHash": "sha256-HvlS1KDGXDjd1bNzzPvH1mkDJATlDAfVYfTh//wJBEA=",
        "owner": "nix-community",
        "repo": "home-manager",
        "rev": "d32537981c036473cf6990ae03176a5d84c43b29",
        "type": "github"
      },
      "original": {
        "owner": "nix-community",
        "repo": "home-manager",
        "type": "github"
      }
    },
    "nixpkgs": {
      "locked": {
        "lastModified": 1782723713,
        "narHash": "sha256-oPXCU/SSUokcGaJREHibG1CBX3+s/W7orDWQOZDsEeQ=",
        "owner": "nixos",
        "repo": "nixpkgs",
        "rev": "b5aa0fbd538984f6e3d201be0005b4463d8b09f8",
        "type": "github"
      },
      "original": {
        "owner": "nixos",
        "ref": "nixos-unstable",
        "repo": "nixpkgs",
        "type": "github"
      }
    },
    "nixpkgs_2": {
      "locked": {
        "lastModified": 1782467914,
        "narHash": "sha256-inDx/w70OSJoJPqtKh0BrzAsbZZhpya7YgS43jHnhwg=",
        "rev": "e73de5be04e0eff4190a1432b946d469c794e7b4",
        "type": "tarball",
        "url": "https://releases.nixos.org/nixos/unstable/nixos-26.11pre1022855.e73de5be04e0/nixexprs.tar.xz"
      },
      "original": {
        "type": "tarball",
        "url": "https://channels.nixos.org/nixos-unstable/nixexprs.tar.xz"
      }
    },
    "noctalia": {
      "inputs": {
        "nixpkgs": "nixpkgs_2"
      },
      "locked": {
        "lastModified": 1782917345,
        "narHash": "sha256-nelwU6Nnm1u1QjJR/14ocAsjXvApX9EI5apeQHvnlWM=",
        "owner": "noctalia-dev",
        "repo": "noctalia",
        "rev": "69be04688c410f3858fb55d04301cb6ad46186fc",
        "type": "github"
      },
      "original": {
        "owner": "noctalia-dev",
        "repo": "noctalia",
        "type": "github"
      }
    },
    "root": {
      "inputs": {
        "ani2xcursor": "ani2xcursor",
        "coomer": "coomer",
        "darwin": "darwin",
        "drcom-client-cpp": "drcom-client-cpp",
        "home-manager": "home-manager",
        "nixpkgs": "nixpkgs",
        "noctalia": "noctalia",
        "rose-pine-doom-emacs": "rose-pine-doom-emacs",
        "secrets": "secrets",
        "sops-nix": "sops-nix"
      }
    },
    "rose-pine-doom-emacs": {
      "flake": false,
      "locked": {
        "lastModified": 1760676260,
        "narHash": "sha256-QcV+f7qxWO5o9p9yusJHVRzxBTiSAhR85HDE4I4fuA4=",
        "owner": "donniebreve",
        "repo": "rose-pine-doom-emacs",
        "rev": "78100823087f2fa727cdd5c06f8deb17988520b6",
        "type": "github"
      },
      "original": {
        "owner": "donniebreve",
        "repo": "rose-pine-doom-emacs",
        "type": "github"
      }
    },
    "secrets": {
      "flake": false,
      "locked": {
        "path": "./secrets/placeholder",
        "type": "path"
      },
      "original": {
        "path": "./secrets/placeholder",
        "type": "path"
      },
      "parent": []
    },
    "sops-nix": {
      "inputs": {
        "nixpkgs": [
          "nixpkgs"
        ]
      },
      "locked": {
        "lastModified": 1782165805,
        "narHash": "sha256-478kKQBvK6SYTOdN2h9jhKJv94nbXRbFMfuL1WshErg=",
        "owner": "Mic92",
        "repo": "sops-nix",
        "rev": "56b24064fdcaedca53553b1a6d607fd23b613a24",
        "type": "github"
      },
      "original": {
        "owner": "Mic92",
        "repo": "sops-nix",
        "type": "github"
      }
    }
  },
  "root": "root",
  "version": 7
}
