name: Update flake.lock

on:
  schedule:
    - cron: "17 3 * * 1" # weekly, Monday 03:17 UTC
  workflow_dispatch:

permissions:
  contents: write
  pull-requests: write

jobs:
  update:
    runs-on: ubuntu-latest
    steps:
      - uses: actions/checkout@v4
      - uses: DeterminateSystems/nix-installer-action@v22
      - uses: DeterminateSystems/update-flake-lock@v27
        with:
          pr-title: "chore: update flake.lock"
          pr-labels: dependencies
